
Microsoft Visual Studio Solution File, Format Version 12.00
# Visual Studio Version 17
VisualStudioVersion = 17.14.36310.24
MinimumVisualStudioVersion = 10.0.40219.1
Project("{2150E333-8FDC-42A3-9474-1A3956D46DE8}") = "mobile", "mobile", "{E0FC68D3-40F2-542A-6A90-38B94336C1AE}"
EndProject
Project("{FAE04EC0-301F-11D3-BF4B-00C04F79EFBC}") = "AgendaUni", "mobile\AgendaUni\AgendaUni.csproj", "{FE766B17-65E0-46AD-8C87-EF4CF95C985B}"
EndProject
Project("{2150E333-8FDC-42A3-9474-1A3956D46DE8}") = "api", "api", "{D82C56D6-B2CD-F611-9E31-04638F7EC30E}"
EndProject
Project("{FAE04EC0-301F-11D3-BF4B-00C04F79EFBC}") = "AgendaUni.Api", "api\AgendaUni.Api\AgendaUni.Api.csproj", "{696304EB-C4ED-4AEC-9635-52AA63130010}"
EndProject
Project("{FAE04EC0-301F-11D3-BF4B-00C04F79EFBC}") = "AgendaUni.Tests", "mobile\AgendaUni.Tests\AgendaUni.Tests.csproj", "{CD8116EB-71EE-4ACA-AECE-47303B5B0176}"
EndProject
Project("{FAE04EC0-301F-11D3-BF4B-00C04F79EFBC}") = "AgendaUni.Api.Tests", "api\AgendaUni.Api.Tests\AgendaUni.Api.Tests.csproj", "{20954942-C4F9-0BE0-4484-B0C7794A0F64}"
EndProject
Global
	GlobalSection(SolutionConfigurationPlatforms) = preSolution
		Debug|Any CPU = Debug|Any CPU
		Debug|x64 = Debug|x64
		Debug|x86 = Debug|x86
		Release|Any CPU = Release|Any CPU
		Release|x64 = Release|x64
		Release|x86 = Release|x86
	EndGlobalSection
	GlobalSection(ProjectConfigurationPlatforms) = postSolution
		{FE766B17-65E0-46AD-8C87-EF4CF95C985B}.Debug|Any CPU.ActiveCfg = Debug|Any CPU
		{FE766B17-65E0-46AD-8C87-EF4CF95C985B}.Debug|Any CPU.Build.0 = Debug|Any CPU
		{FE766B17-65E0-46AD-8C87-EF4CF95C985B}.Debug|Any CPU.Deploy.0 = Debug|Any CPU
		{FE766B17-65E0-46AD-8C87-EF4CF95C985B}.Debug|x64.ActiveCfg = Debug|Any CPU
		{FE766B17-65E0-46AD-8C87-EF4CF95C985B}.Debug|x64.Build.0 = Debug|Any CPU
		{FE766B17-65E0-46AD-8C87-EF4CF95C985B}.Debug|x86.ActiveCfg = Debug|Any CPU
		{FE766B17-65E0-46AD-8C87-EF4CF95C985B}.Debug|x86.Build.0 = Debug|Any CPU
		{FE766B17-65E0-46AD-8C87-EF4CF95C985B}.Release|Any CPU.ActiveCfg = Release|Any CPU
		{FE766B17-65E0-46AD-8C87-EF4CF95C985B}.Release|Any CPU.Build.0 = Release|Any CPU
		{FE766B17-65E0-46AD-8C87-EF4CF95C985B}.Release|x64.ActiveCfg = Release|Any CPU
		{FE766B17-65E0-46AD-8C87-EF4CF95C985B}.Release|x64.Build.0 = Release|Any CPU
		{FE766B17-65E0-46AD-8C87-EF4CF95C985B}.Release|x86.ActiveCfg = Release|Any CPU
		{FE766B17-65E0-46AD-8C87-EF4CF95C985B}.Release|x86.Build.0 = Release|Any CPU
		{696304EB-C4ED-4AEC-9635-52AA63130010}.Debug|Any CPU.ActiveCfg = Debug|Any CPU
		{696304EB-C4ED-4AEC-9635-52AA63130010}.Debug|Any CPU.Build.0 = Debug|Any CPU
		{696304EB-C4ED-4AEC-9635-52AA63130010}.Debug|x64.ActiveCfg = Debug|Any CPU
		{696304EB-C4ED-4AEC-9635-52AA63130010}.Debug|x64.Build.0 = Debug|Any CPU
		{696304EB-C4ED-4AEC-9635-52AA63130010}.Debug|x86.ActiveCfg = Debug|Any CPU
		{696304EB-C4ED-4AEC-9635-52AA63130010}.Debug|x86.Build.0 = Debug|Any CPU
		{696304EB-C4ED-4AEC-9635-52AA63130010}.Release|Any CPU.ActiveCfg = Release|Any CPU
		{696304EB-C4ED-4AEC-9635-52AA63130010}.Release|Any CPU.Build.0 = Release|Any CPU
		{696304EB-C4ED-4AEC-9635-52AA63130010}.Release|x64.ActiveCfg = Release|Any CPU
		{696304EB-C4ED-4AEC-9635-52AA63130010}.Release|x64.Build.0 = Release|Any CPU
		{696304EB-C4ED-4AEC-9635-52AA63130010}.Release|x86.ActiveCfg = Release|Any CPU
		{696304EB-C4ED-4AEC-9635-52AA63130010}.Release|x86.Build.0 = Release|Any CPU
		{CD8116EB-71EE-4ACA-AECE-47303B5B0176}.Debug|Any CPU.ActiveCfg = Debug|Any CPU
		{CD8116EB-71EE-4ACA-AECE-47303B5B0176}.Debug|Any CPU.Build.0 = Debug|Any CPU
		{CD8116EB-71EE-4ACA-AECE-47303B5B0176}.Debug|x64.ActiveCfg = Debug|Any CPU
		{CD8116EB-71EE-4ACA-AECE-47303B5B0176}.Debug|x64.Build.0 = Debug|Any CPU
		{CD8116EB-71EE-4ACA-AECE-47303B5B0176}.Debug|x86.ActiveCfg = Debug|Any CPU
		{CD8116EB-71EE-4ACA-AECE-47303B5B0176}.Debug|x86.Build.0 = Debug|Any CPU
		{CD8116EB-71EE-4ACA-AECE-47303B5B0176}.Release|Any CPU.ActiveCfg = Release|Any CPU
		{CD8116EB-71EE-4ACA-AECE-47303B5B0176}.Release|Any CPU.Build.0 = Release|Any CPU
		{CD8116EB-71EE-4ACA-AECE-47303B5B0176}.Release|x64.ActiveCfg = Release|Any CPU
		{CD8116EB-71EE-4ACA-AECE-47303B5B0176}.Release|x64.Build.0 = Release|Any CPU
		{CD8116EB-71EE-4ACA-AECE-47303B5B0176}.Release|x86.ActiveCfg = Release|Any CPU
		{CD8116EB-71EE-4ACA-AECE-47303B5B0176}.Release|x86.Build.0 = Release|Any CPU
		{20954942-C4F9-0BE0-4484-B0C7794A0F64}.Debug|Any CPU.ActiveCfg = Debug|Any CPU
		{20954942-C4F9-0BE0-4484-B0C7794A0F64}.Debug|Any CPU.Build.0 = Debug|Any CPU
		{20954942-C4F9-0BE0-4484-B0C7794A0F64}.Debug|x64.ActiveCfg = Debug|Any CPU
		{20954942-C4F9-0BE0-4484-B0C7794A0F64}.Debug|x64.Build.0 = Debug|Any CPU
		{20954942-C4F9-0BE0-4484-B0C7794A0F64}.Debug|x86.ActiveCfg = Debug|Any CPU
		{20954942-C4F9-0BE0-4484-B0C7794A0F64}.Debug|x86.Build.0 = Debug|Any CPU
		{20954942-C4F9-0BE0-4484-B0C7794A0F64}.Release|Any CPU.ActiveCfg = Release|Any CPU
		{20954942-C4F9-0BE0-4484-B0C7794A0F64}.Release|Any CPU.Build.0 = Release|Any CPU
		{20954942-C4F9-0BE0-4484-B0C7794A0F64}.Release|x64.ActiveCfg = Release|Any CPU
		{20954942-C4F9-0BE0-4484-B0C7794A0F64}.Release|x64.Build.0 = Release|Any CPU
		{20954942-C4F9-0BE0-4484-B0C7794A0F64}.Release|x86.ActiveCfg = Release|Any CPU
		{20954942-C4F9-0BE0-4484-B0C7794A0F64}.Release|x86.Build.0 = Release|Any CPU
	EndGlobalSection
	GlobalSection(SolutionProperties) = preSolution
		HideSolutionNode = FALSE
	EndGlobalSection
	GlobalSection(NestedProjects) = preSolution
		{FE766B17-65E0-46AD-8C87-EF4CF95C985B} = {E0FC68D3-40F2-542A-6A90-38B94336C1AE}
		{696304EB-C4ED-4AEC-9635-52AA63130010} = {D82C56D6-B2CD-F611-9E31-04638F7EC30E}
		{CD8116EB-71EE-4ACA-AECE-47303B5B0176} = {E0FC68D3-40F2-542A-6A90-38B94336C1AE}
		{20954942-C4F9-0BE0-4484-B0C7794A0F64} = {D82C56D6-B2CD-F611-9E31-04638F7EC30E}
	EndGlobalSection
	GlobalSection(ExtensibilityGlobals) = postSolution
		SolutionGuid = {217B7099-FADA-40DF-9662-87EA5A5AA49D}
	EndGlobalSection
EndGlobal
